// !$*UTF8*$!
{
	archiveVersion = 1;
	classes = {
	};
	objectVersion = 50;
	objects = {

/* Begin PBXBuildFile section */
		7B37C78824006F410062E245 /* AppDelegate.swift in Sources */ = {isa = PBXBuildFile; fileRef = 7B37C78724006F410062E245 /* AppDelegate.swift */; };
		7B37C78A24006F410062E245 /* SceneDelegate.swift in Sources */ = {isa = PBXBuildFile; fileRef = 7B37C78924006F410062E245 /* SceneDelegate.swift */; };
		7B37C78C24006F410062E245 /* ViewController.swift in Sources */ = {isa = PBXBuildFile; fileRef = 7B37C78B24006F410062E245 /* ViewController.swift */; };
		7B37C78F24006F410062E245 /* Main.storyboard in Resources */ = {isa = PBXBuildFile; fileRef = 7B37C78D24006F410062E245 /* Main.storyboard */; };
		7B37C79124006F430062E245 /* Assets.xcassets in Resources */ = {isa = PBXBuildFile; fileRef = 7B37C79024006F430062E245 /* Assets.xcassets */; };
		7B37C79424006F430062E245 /* LaunchScreen.storyboard in Resources */ = {isa = PBXBuildFile; fileRef = 7B37C79224006F430062E245 /* LaunchScreen.storyboard */; };
		7B37C79C24006F680062E245 /* Interator.swift in Sources */ = {isa = PBXBuildFile; fileRef = 7B37C79B24006F680062E245 /* Interator.swift */; };
		7B37C79E24006F780062E245 /* Presenter.swift in Sources */ = {isa = PBXBuildFile; fileRef = 7B37C79D24006F780062E245 /* Presenter.swift */; };
		7B37C7A024006F930062E245 /* Pokemon.swift in Sources */ = {isa = PBXBuildFile; fileRef = 7B37C79F24006F930062E245 /* Pokemon.swift */; };
		7B37C7A2240070780062E245 /* Protocols.swift in Sources */ = {isa = PBXBuildFile; fileRef = 7B37C7A1240070780062E245 /* Protocols.swift */; };
		7B37C7A4240071380062E245 /* SetterAll.swift in Sources */ = {isa = PBXBuildFile; fileRef = 7B37C7A3240071380062E245 /* SetterAll.swift */; };
		7B37C7A62406E29D0062E245 /* Routing.swift in Sources */ = {isa = PBXBuildFile; fileRef = 7B37C7A52406E29D0062E245 /* Routing.swift */; };
/* End PBXBuildFile section */

/* Begin PBXFileReference section */
		7B37C78424006F410062E245 /* ViperTest.app */ = {isa = PBXFileReference; explicitFileType = wrapper.application; includeInIndex = 0; path = ViperTest.app; sourceTree = BUILT_PRODUCTS_DIR; };
		7B37C78724006F410062E245 /* AppDelegate.swift */ = {isa = PBXFileReference; lastKnownFileType = sourcecode.swift; path = AppDelegate.swift; sourceTree = "<group>"; };
		7B37C78924006F410062E245 /* SceneDelegate.swift */ = {isa = PBXFileReference; lastKnownFileType = sourcecode.swift; path = SceneDelegate.swift; sourceTree = "<group>"; };
		7B37C78B24006F410062E245 /* ViewController.swift */ = {isa = PBXFileReference; lastKnownFileType = sourcecode.swift; path = ViewController.swift; sourceTree = "<group>"; };
		7B37C78E24006F410062E245 /* Base */ = {isa = PBXFileReference; lastKnownFileType = file.storyboard; name = Base; path = Base.lproj/Main.storyboard; sourceTree = "<group>"; };
		7B37C79024006F430062E245 /* Assets.xcassets */ = {isa = PBXFileReference; lastKnownFileType = folder.assetcatalog; path = Assets.xcassets; sourceTree = "<group>"; };
		7B37C79324006F430062E245 /* Base */ = {isa = PBXFileReference; lastKnownFileType = file.storyboard; name = Base; path = Base.lproj/LaunchScreen.storyboard; sourceTree = "<group>"; };
		7B37C79524006F430062E245 /* Info.plist */ = {isa = PBXFileReference; lastKnownFileType = text.plist.xml; path = Info.plist; sourceTree = "<group>"; };
		7B37C79B24006F680062E245 /* Interator.swift */ = {isa = PBXFileReference; lastKnownFileType = sourcecode.swift; path = Interator.swift; sourceTree = "<group>"; };
		7B37C79D24006F780062E245 /* Presenter.swift */ = {isa = PBXFileReference; lastKnownFileType = sourcecode.swift; path = Presenter.swift; sourceTree = "<group>"; };
		7B37C79F24006F930062E245 /* Pokemon.swift */ = {isa = PBXFileReference; lastKnownFileType = sourcecode.swift; path = Pokemon.swift; sourceTree = "<group>"; };
		7B37C7A1240070780062E245 /* Protocols.swift */ = {isa = PBXFileReference; lastKnownFileType = sourcecode.swift; path = Protocols.swift; sourceTree = "<group>"; };
		7B37C7A3240071380062E245 /* SetterAll.swift */ = {isa = PBXFileReference; lastKnownFileType = sourcecode.swift; path = SetterAll.swift; sourceTree = "<group>"; };
		7B37C7A52406E29D0062E245 /* Routing.swift */ = {isa = PBXFileReference; lastKnownFileType = sourcecode.swift; path = Routing.swift; sourceTree = "<group>"; };
/* End PBXFileReference section */

/* Begin PBXFrameworksBuildPhase section */
		7B37C78124006F410062E245 /* Frameworks */ = {
			isa = PBXFrameworksBuildPhase;
			buildActionMask = 2147483647;
			files = (
			);
			runOnlyForDeploymentPostprocessing = 0;
		};
/* End PBXFrameworksBuildPhase section */

/* Begin PBXGroup section */
		7B37C77B24006F410062E245 = {
			isa = PBXGroup;
			children = (
				7B37C78624006F410062E245 /* ViperTest */,
				7B37C78524006F410062E245 /* Products */,
			);
			sourceTree = "<group>";
		};
		7B37C78524006F410062E245 /* Products */ = {
			isa = PBXGroup;
			children = (
				7B37C78424006F410062E245 /* ViperTest.app */,
			);
			name = Products;
			sourceTree = "<group>";
		};
		7B37C78624006F410062E245 /* ViperTest */ = {
			isa = PBXGroup;
			children = (
				7B37C78724006F410062E245 /* AppDelegate.swift */,
				7B37C78924006F410062E245 /* SceneDelegate.swift */,
				7B37C78D24006F410062E245 /* Main.storyboard */,
				7B37C79024006F430062E245 /* Assets.xcassets */,
				7B37C79224006F430062E245 /* LaunchScreen.storyboard */,
				7B37C79524006F430062E245 /* Info.plist */,
				7B37C78B24006F410062E245 /* ViewController.swift */,
				7B37C79B24006F680062E245 /* Interator.swift */,
				7B37C79D24006F780062E245 /* Presenter.swift */,
				7B37C79F24006F930062E245 /* Pokemon.swift */,
				7B37C7A52406E29D0062E245 /* Routing.swift */,
				7B37C7A3240071380062E245 /* SetterAll.swift */,
				7B37C7A1240070780062E245 /* Protocols.swift */,
			);
			path = ViperTest;
			sourceTree = "<group>";
		};
/* End PBXGroup section */

/* Begin PBXNativeTarget section */
		7B37C78324006F410062E245 /* ViperTest */ = {
			isa = PBXNativeTarget;
			buildConfigurationList = 7B37C79824006F430062E245 /* Build configuration list for PBXNativeTarget "ViperTest" */;
			buildPhases = (
				7B37C78024006F410062E245 /* Sources */,
				7B37C78124006F410062E245 /* Frameworks */,
				7B37C78224006F410062E245 /* Resources */,
			);
			buildRules = (
			);
			dependencies = (
			);
			name = ViperTest;
			productName = ViperTest;
			productReference = 7B37C78424006F410062E245 /* ViperTest.app */;
			productType = "com.apple.product-type.application";
		};
/* End PBXNativeTarget section */

/* Begin PBXProject section */
		7B37C77C24006F410062E245 /* Project object */ = {
			isa = PBXProject;
			attributes = {
				LastSwiftUpdateCheck = 1130;
				LastUpgradeCheck = 1130;
				ORGANIZATIONNAME = Ferraz;
				TargetAttributes = {
					7B37C78324006F410062E245 = {
						CreatedOnToolsVersion = 11.3.1;
					};
				};
			};
			buildConfigurationList = 7B37C77F24006F410062E245 /* Build configuration list for PBXProject "ViperTest" */;
			compatibilityVersion = "Xcode 9.3";
			developmentRegion = en;
			hasScannedForEncodings = 0;
			knownRegions = (
				en,
				Base,
			);
			mainGroup = 7B37C77B24006F410062E245;
			productRefGroup = 7B37C78524006F410062E245 /* Products */;
			projectDirPath = "";
			projectRoot = "";
			targets = (
				7B37C78324006F410062E245 /* ViperTest */,
			);
		};
/* End PBXProject section */

/* Begin PBXResourcesBuildPhase section */
		7B37C78224006F410062E245 /* Resources */ = {
			isa = PBXResourcesBuildPhase;
			buildActionMask = 2147483647;
			files = (
				7B37C79424006F430062E245 /* LaunchScreen.storyboard in Resources */,
				7B37C79124006F430062E245 /* Assets.xcassets in Resources */,
				7B37C78F24006F410062E245 /* Main.storyboard in Resources */,
			);
			runOnlyForDeploymentPostprocessing = 0;
		};
/* End PBXResourcesBuildPhase section */

/* Begin PBXSourcesBuildPhase section */
		7B37C78024006F410062E245 /* Sources */ = {
			isa = PBXSourcesBuildPhase;
			buildActionMask = 2147483647;
			files = (
				7B37C78C24006F410062E245 /* ViewController.swift in Sources */,
				7B37C78824006F410062E245 /* AppDelegate.swift in Sources */,
				7B37C7A2240070780062E245 /* Protocols.swift in Sources */,
				7B37C79C24006F680062E245 /* Interator.swift in Sources */,
				7B37C78A24006F410062E245 /* SceneDelegate.swift in Sources */,
				7B37C7A62406E29D0062E245 /* Routing.swift in Sources */,
				7B37C79E24006F780062E245 /* Presenter.swift in Sources */,
				7B37C7A4240071380062E245 /* SetterAll.swift in Sources */,
				7B37C7A024006F930062E245 /* Pokemon.swift in Sources */,
			);
			runOnlyForDeploymentPostprocessing = 0;
		};
/* End PBXSourcesBuildPhase section */

/* Begin PBXVariantGroup section */
		7B37C78D24006F410062E245 /* Main.storyboard */ = {
			isa = PBXVariantGroup;
			children = (
				7B37C78E24006F410062E245 /* Base */,
			);
			name = Main.storyboard;
			sourceTree = "<group>";
		};
		7B37C79224006F430062E245 /* LaunchScreen.storyboard */ = {
			isa = PBXVariantGroup;
			children = (
				7B37C79324006F430062E245 /* Base */,
			);
			name = LaunchScreen.storyboard;
			sourceTree = "<group>";
		};
/* End PBXVariantGroup section */

/* Begin XCBuildConfiguration section */
		7B37C79624006F430062E245 /* Debug */ = {
			isa = XCBuildConfiguration;
			buildSettings = {
				ALWAYS_SEARCH_USER_PATHS = NO;
				CLANG_ANALYZER_NONNULL = YES;
				CLANG_ANALYZER_NUMBER_OBJECT_CONVERSION = YES_AGGRESSIVE;
				CLANG_CXX_LANGUAGE_STANDARD = "gnu++14";
				CLANG_CXX_LIBRARY = "libc++";
				CLANG_ENABLE_MODULES = YES;
				CLANG_ENABLE_OBJC_ARC = YES;
				CLANG_ENABLE_OBJC_WEAK = YES;
				CLANG_WARN_BLOCK_CAPTURE_AUTORELEASING = YES;
				CLANG_WARN_BOOL_CONVERSION = YES;
				CLANG_WARN_COMMA = YES;
				CLANG_WARN_CONSTANT_CONVERSION = YES;
				CLANG_WARN_DEPRECATED_OBJC_IMPLEMENTATIONS = YES;
				CLANG_WARN_DIRECT_OBJC_ISA_USAGE = YES_ERROR;
				CLANG_WARN_DOCUMENTATION_COMMENTS = YES;
				CLANG_WARN_EMPTY_BODY = YES;
				CLANG_WARN_ENUM_CONVERSION = YES;
				CLANG_WARN_INFINITE_RECURSION = YES;
				CLANG_WARN_INT_CONVERSION = YES;
				CLANG_WARN_NON_LITERAL_NULL_CONVERSION = YES;
				CLANG_WARN_OBJC_IMPLICIT_RETAIN_SELF = YES;
				CLANG_WARN_OBJC_LITERAL_CONVERSION = YES;
				CLANG_WARN_OBJC_ROOT_CLASS = YES_ERROR;
				CLANG_WARN_RANGE_LOOP_ANALYSIS = YES;
				CLANG_WARN_STRICT_PROTOTYPES = YES;
				CLANG_WARN_SUSPICIOUS_MOVE = YES;
				CLANG_WARN_UNGUARDED_AVAILABILITY = YES_AGGRESSIVE;
				CLANG_WARN_UNREACHABLE_CODE = YES;
				CLANG_WARN__DUPLICATE_METHOD_MATCH = YES;
				COPY_PHASE_STRIP = NO;
				DEBUG_INFORMATION_FORMAT = dwarf;
				ENABLE_STRICT_OBJC_MSGSEND = YES;
				ENABLE_TESTABILITY = YES;
				GCC_C_LANGUAGE_STANDARD = gnu11;
				GCC_DYNAMIC_NO_PIC = NO;
				GCC_NO_COMMON_BLOCKS = YES;
				GCC_OPTIMIZATION_LEVEL = 0;
				GCC_PREPROCESSOR_DEFINITIONS = (
					"DEBUG=1",
					"$(inherited)",
				);
				GCC_WARN_64_TO_32_BIT_CONVERSION = YES;
				GCC_WARN_ABOUT_RETURN_TYPE = YES_ERROR;
				GCC_WARN_UNDECLARED_SELECTOR = YES;
				GCC_WARN_UNINITIALIZED_AUTOS = YES_AGGRESSIVE;
				GCC_WARN_UNUSED_FUNCTION = YES;
				GCC_WARN_UNUSED_VARIABLE = YES;
				IPHONEOS_DEPLOYMENT_TARGET = 13.2;
				MTL_ENABLE_DEBUG_INFO = INCLUDE_SOURCE;
				MTL_FAST_MATH = YES;
				ONLY_ACTIVE_ARCH = YES;
				SDKROOT = iphoneos;
				SWIFT_ACTIVE_COMPILATION_CONDITIONS = DEBUG;
				SWIFT_OPTIMIZATION_LEVEL = "-Onone";
			};
			name = Debug;
		};
		7B37C79724006F430062E245 /* Release */ = {
			isa = XCBuildConfiguration;
			buildSettings = {
				ALWAYS_SEARCH_USER_PATHS = NO;
				CLANG_ANALYZER_NONNULL = YES;
				CLANG_ANALYZER_NUMBER_OBJECT_CONVERSION = YES_AGGRESSIVE;
				CLANG_CXX_LANGUAGE_STANDARD = "gnu++14";
				CLANG_CXX_LIBRARY = "libc++";
				CLANG_ENABLE_MODULES = YES;
				CLANG_ENABLE_OBJC_ARC = YES;
				CLANG_ENABLE_OBJC_WEAK = YES;
				CLANG_WARN_BLOCK_CAPTURE_AUTORELEASING = YES;
				CLANG_WARN_BOOL_CONVERSION = YES;
				CLANG_WARN_COMMA = YES;
				CLANG_WARN_CONSTANT_CONVERSION = YES;
				CLANG_WARN_DEPRECATED_OBJC_IMPLEMENTATIONS = YES;
				CLANG_WARN_DIRECT_OBJC_ISA_USAGE = YES_ERROR;
				CLANG_WARN_DOCUMENTATION_COMMENTS = YES;
				CLANG_WARN_EMPTY_BODY = YES;
				CLANG_WARN_ENUM_CONVERSION = YES;
				CLANG_WARN_INFINITE_RECURSION = YES;
				CLANG_WARN_INT_CONVERSION = YES;
				CLANG_WARN_NON_LITERAL_NULL_CONVERSION = YES;
				CLANG_WARN_OBJC_IMPLICIT_RETAIN_SELF = YES;
				CLANG_WARN_OBJC_LITERAL_CONVERSION = YES;
				CLANG_WARN_OBJC_ROOT_CLASS = YES_ERROR;
				CLANG_WARN_RANGE_LOOP_ANALYSIS = YES;
				CLANG_WARN_STRICT_PROTOTYPES = YES;
				CLANG_WARN_SUSPICIOUS_MOVE = YES;
				CLANG_WARN_UNGUARDED_AVAILABILITY = YES_AGGRESSIVE;
				CLANG_WARN_UNREACHABLE_CODE = YES;
				CLANG_WARN__DUPLICATE_METHOD_MATCH = YES;
				COPY_PHASE_STRIP = NO;
				DEBUG_INFORMATION_FORMAT = "dwarf-with-dsym";
				ENABLE_NS_ASSERTIONS = NO;
				ENABLE_STRICT_OBJC_MSGSEND = YES;
				GCC_C_LANGUAGE_STANDARD = gnu11;
				GCC_NO_COMMON_BLOCKS = YES;
				GCC_WARN_64_TO_32_BIT_CONVERSION = YES;
				GCC_WARN_ABOUT_RETURN_TYPE = YES_ERROR;
				GCC_WARN_UNDECLARED_SELECTOR = YES;
				GCC_WARN_UNINITIALIZED_AUTOS = YES_AGGRESSIVE;
				GCC_WARN_UNUSED_FUNCTION = YES;
				GCC_WARN_UNUSED_VARIABLE = YES;
				IPHONEOS_DEPLOYMENT_TARGET = 13.2;
				MTL_ENABLE_DEBUG_INFO = NO;
				MTL_FAST_MATH = YES;
				SDKROOT = iphoneos;
				SWIFT_COMPILATION_MODE = wholemodule;
				SWIFT_OPTIMIZATION_LEVEL = "-O";
				VALIDATE_PRODUCT = YES;
			};
			name = Release;
		};
		7B37C79924006F430062E245 /* Debug */ = {
			isa = XCBuildConfiguration;
			buildSettings = {
				ASSETCATALOG_COMPILER_APPICON_NAME = AppIcon;
				CODE_SIGN_STYLE = Automatic;
				DEVELOPMENT_TEAM = Q6B7N567Z6;
				INFOPLIST_FILE = ViperTest/Info.plist;
				LD_RUNPATH_SEARCH_PATHS = (
					"$(inherited)",
					"@executable_path/Frameworks",
				);
				PRODUCT_BUNDLE_IDENTIFIER = team.ViperTest;
				PRODUCT_NAME = "$(TARGET_NAME)";
				SWIFT_VERSION = 5.0;
				TARGETED_DEVICE_FAMILY = "1,2";
			};
			name = Debug;
		};
		7B37C79A24006F430062E245 /* Release */ = {
			isa = XCBuildConfiguration;
			buildSettings = {
				ASSETCATALOG_COMPILER_APPICON_NAME = AppIcon;
				CODE_SIGN_STYLE = Automatic;
				DEVELOPMENT_TEAM = Q6B7N567Z6;
				INFOPLIST_FILE = ViperTest/Info.plist;
				LD_RUNPATH_SEARCH_PATHS = (
					"$(inherited)",
					"@executable_path/Frameworks",
				);
				PRODUCT_BUNDLE_IDENTIFIER = team.ViperTest;
				PRODUCT_NAME = "$(TARGET_NAME)";
				SWIFT_VERSION = 5.0;
				TARGETED_DEVICE_FAMILY = "1,2";
			};
			name = Release;
		};
/* End XCBuildConfiguration section */

/* Begin XCConfigurationList section */
		7B37C77F24006F410062E245 /* Build configuration list for PBXProject "ViperTest" */ = {
			isa = XCConfigurationList;
			buildConfigurations = (
				7B37C79624006F430062E245 /* Debug */,
				7B37C79724006F430062E245 /* Release */,
			);
			defaultConfigurationIsVisible = 0;
			defaultConfigurationName = Release;
		};
		7B37C79824006F430062E245 /* Build configuration list for PBXNativeTarget "ViperTest" */ = {
			isa = XCConfigurationList;
			buildConfigurations = (
				7B37C79924006F430062E245 /* Debug */,
				7B37C79A24006F430062E245 /* Release */,
			);
			defaultConfigurationIsVisible = 0;
			defaultConfigurationName = Release;
		};
/* End XCConfigurationList section */
	};
	rootObject = 7B37C77C24006F410062E245 /* Project object */;
}
